
Microsoft Visual Studio Solution File, Format Version 12.00
# Visual Studio 15
VisualStudioVersion = 15.0.27703.2026
MinimumVisualStudioVersion = 10.0.40219.1
Project("{FAE04EC0-301F-11D3-BF4B-00C04F79EFBC}") = "WizardSample.Android", "WizardSample\WizardSample.Android\WizardSample.Android.csproj", "{D794BB14-67B8-4E03-AEEB-A34629537602}"
EndProject
Project("{FAE04EC0-301F-11D3-BF4B-00C04F79EFBC}") = "WizardSample.iOS", "WizardSample\WizardSample.iOS\WizardSample.iOS.csproj", "{F1C0F9F9-A6F5-40B1-AFB3-4E88F2359C4B}"
EndProject
Project("{FAE04EC0-301F-11D3-BF4B-00C04F79EFBC}") = "WizardSample.UWP", "WizardSample\WizardSample.UWP\WizardSample.UWP.csproj", "{1E5F996F-18FF-4D2C-AA21-6C618E0A4CA2}"
EndProject
Project("{FAE04EC0-301F-11D3-BF4B-00C04F79EFBC}") = "WizardSample", "WizardSample\WizardSample\WizardSample.csproj", "{4E8DB6F4-2072-49D0-8AD5-EF0B73517111}"
EndProject
Project("{2150E333-8FDC-42A3-9474-1A3956D46DE8}") = "Sample Apps", "Sample Apps", "{02195879-7AF3-490D-92A8-1DC52ABC877E}"
EndProject
Project("{2150E333-8FDC-42A3-9474-1A3956D46DE8}") = "Library", "Library", "{2888307C-E38D-4797-8709-CE7ADCCB04B5}"
EndProject
Project("{9A19103F-16F7-4668-BE54-9A1E7A4F7556}") = "ctacke.Xamarin.Forms", "..\..\ctacke.Xamarin.Forms\ctacke.Xamarin.Forms.csproj", "{D5F2E611-F3EA-48B7-854D-8A9639F98EF9}"
EndProject
Project("{FAE04EC0-301F-11D3-BF4B-00C04F79EFBC}") = "ctacke.Xamarin.Forms.Android", "..\..\ctacke.Xamarin.Forms.Android\ctacke.Xamarin.Forms.Android.csproj", "{794929BE-51E7-468D-990F-407CC0A1E425}"
EndProject
Global
	GlobalSection(SolutionConfigurationPlatforms) = preSolution
		Ad-Hoc|Any CPU = Ad-Hoc|Any CPU
		Ad-Hoc|ARM = Ad-Hoc|ARM
		Ad-Hoc|iPhone = Ad-Hoc|iPhone
		Ad-Hoc|iPhoneSimulator = Ad-Hoc|iPhoneSimulator
		Ad-Hoc|x64 = Ad-Hoc|x64
		Ad-Hoc|x86 = Ad-Hoc|x86
		AppStore|Any CPU = AppStore|Any CPU
		AppStore|ARM = AppStore|ARM
		AppStore|iPhone = AppStore|iPhone
		AppStore|iPhoneSimulator = AppStore|iPhoneSimulator
		AppStore|x64 = AppStore|x64
		AppStore|x86 = AppStore|x86
		Debug|Any CPU = Debug|Any CPU
		Debug|ARM = Debug|ARM
		Debug|iPhone = Debug|iPhone
		Debug|iPhoneSimulator = Debug|iPhoneSimulator
		Debug|x64 = Debug|x64
		Debug|x86 = Debug|x86
		Release|Any CPU = Release|Any CPU
		Release|ARM = Release|ARM
		Release|iPhone = Release|iPhone
		Release|iPhoneSimulator = Release|iPhoneSimulator
		Release|x64 = Release|x64
		Release|x86 = Release|x86
	EndGlobalSection
	GlobalSection(ProjectConfigurationPlatforms) = postSolution
		{D794BB14-67B8-4E03-AEEB-A34629537602}.Ad-Hoc|Any CPU.ActiveCfg = Release|Any CPU
		{D794BB14-67B8-4E03-AEEB-A34629537602}.Ad-Hoc|Any CPU.Build.0 = Release|Any CPU
		{D794BB14-67B8-4E03-AEEB-A34629537602}.Ad-Hoc|Any CPU.Deploy.0 = Release|Any CPU
		{D794BB14-67B8-4E03-AEEB-A34629537602}.Ad-Hoc|ARM.ActiveCfg = Release|Any CPU
		{D794BB14-67B8-4E03-AEEB-A34629537602}.Ad-Hoc|ARM.Build.0 = Release|Any CPU
		{D794BB14-67B8-4E03-AEEB-A34629537602}.Ad-Hoc|ARM.Deploy.0 = Release|Any CPU
		{D794BB14-67B8-4E03-AEEB-A34629537602}.Ad-Hoc|iPhone.ActiveCfg = Release|Any CPU
		{D794BB14-67B8-4E03-AEEB-A34629537602}.Ad-Hoc|iPhone.Build.0 = Release|Any CPU
		{D794BB14-67B8-4E03-AEEB-A34629537602}.Ad-Hoc|iPhone.Deploy.0 = Release|Any CPU
		{D794BB14-67B8-4E03-AEEB-A34629537602}.Ad-Hoc|iPhoneSimulator.ActiveCfg = Release|Any CPU
		{D794BB14-67B8-4E03-AEEB-A34629537602}.Ad-Hoc|iPhoneSimulator.Build.0 = Release|Any CPU
		{D794BB14-67B8-4E03-AEEB-A34629537602}.Ad-Hoc|iPhoneSimulator.Deploy.0 = Release|Any CPU
		{D794BB14-67B8-4E03-AEEB-A34629537602}.Ad-Hoc|x64.ActiveCfg = Release|Any CPU
		{D794BB14-67B8-4E03-AEEB-A34629537602}.Ad-Hoc|x64.Build.0 = Release|Any CPU
		{D794BB14-67B8-4E03-AEEB-A34629537602}.Ad-Hoc|x64.Deploy.0 = Release|Any CPU
		{D794BB14-67B8-4E03-AEEB-A34629537602}.Ad-Hoc|x86.ActiveCfg = Release|Any CPU
		{D794BB14-67B8-4E03-AEEB-A34629537602}.Ad-Hoc|x86.Build.0 = Release|Any CPU
		{D794BB14-67B8-4E03-AEEB-A34629537602}.Ad-Hoc|x86.Deploy.0 = Release|Any CPU
		{D794BB14-67B8-4E03-AEEB-A34629537602}.AppStore|Any CPU.ActiveCfg = Release|Any CPU
		{D794BB14-67B8-4E03-AEEB-A34629537602}.AppStore|Any CPU.Build.0 = Release|Any CPU
		{D794BB14-67B8-4E03-AEEB-A34629537602}.AppStore|Any CPU.Deploy.0 = Release|Any CPU
		{D794BB14-67B8-4E03-AEEB-A34629537602}.AppStore|ARM.ActiveCfg = Release|Any CPU
		{D794BB14-67B8-4E03-AEEB-A34629537602}.AppStore|ARM.Build.0 = Release|Any CPU
		{D794BB14-67B8-4E03-AEEB-A34629537602}.AppStore|ARM.Deploy.0 = Release|Any CPU
		{D794BB14-67B8-4E03-AEEB-A34629537602}.AppStore|iPhone.ActiveCfg = Release|Any CPU
		{D794BB14-67B8-4E03-AEEB-A34629537602}.AppStore|iPhone.Build.0 = Release|Any CPU
		{D794BB14-67B8-4E03-AEEB-A34629537602}.AppStore|iPhone.Deploy.0 = Release|Any CPU
		{D794BB14-67B8-4E03-AEEB-A34629537602}.AppStore|iPhoneSimulator.ActiveCfg = Release|Any CPU
		{D794BB14-67B8-4E03-AEEB-A34629537602}.AppStore|iPhoneSimulator.Build.0 = Release|Any CPU
		{D794BB14-67B8-4E03-AEEB-A34629537602}.AppStore|iPhoneSimulator.Deploy.0 = Release|Any CPU
		{D794BB14-67B8-4E03-AEEB-A34629537602}.AppStore|x64.ActiveCfg = Release|Any CPU
		{D794BB14-67B8-4E03-AEEB-A34629537602}.AppStore|x64.Build.0 = Release|Any CPU
		{D794BB14-67B8-4E03-AEEB-A34629537602}.AppStore|x64.Deploy.0 = Release|Any CPU
		{D794BB14-67B8-4E03-AEEB-A34629537602}.AppStore|x86.ActiveCfg = Release|Any CPU
		{D794BB14-67B8-4E03-AEEB-A34629537602}.AppStore|x86.Build.0 = Release|Any CPU
		{D794BB14-67B8-4E03-AEEB-A34629537602}.AppStore|x86.Deploy.0 = Release|Any CPU
		{D794BB14-67B8-4E03-AEEB-A34629537602}.Debug|Any CPU.ActiveCfg = Debug|Any CPU
		{D794BB14-67B8-4E03-AEEB-A34629537602}.Debug|Any CPU.Build.0 = Debug|Any CPU
		{D794BB14-67B8-4E03-AEEB-A34629537602}.Debug|Any CPU.Deploy.0 = Debug|Any CPU
		{D794BB14-67B8-4E03-AEEB-A34629537602}.Debug|ARM.ActiveCfg = Debug|Any CPU
		{D794BB14-67B8-4E03-AEEB-A34629537602}.Debug|ARM.Build.0 = Debug|Any CPU
		{D794BB14-67B8-4E03-AEEB-A34629537602}.Debug|ARM.Deploy.0 = Debug|Any CPU
		{D794BB14-67B8-4E03-AEEB-A34629537602}.Debug|iPhone.ActiveCfg = Debug|Any CPU
		{D794BB14-67B8-4E03-AEEB-A34629537602}.Debug|iPhone.Build.0 = Debug|Any CPU
		{D794BB14-67B8-4E03-AEEB-A34629537602}.Debug|iPhone.Deploy.0 = Debug|Any CPU
		{D794BB14-67B8-4E03-AEEB-A34629537602}.Debug|iPhoneSimulator.ActiveCfg = Debug|Any CPU
		{D794BB14-67B8-4E03-AEEB-A34629537602}.Debug|iPhoneSimulator.Build.0 = Debug|Any CPU
		{D794BB14-67B8-4E03-AEEB-A34629537602}.Debug|iPhoneSimulator.Deploy.0 = Debug|Any CPU
		{D794BB14-67B8-4E03-AEEB-A34629537602}.Debug|x64.ActiveCfg = Debug|Any CPU
		{D794BB14-67B8-4E03-AEEB-A34629537602}.Debug|x64.Build.0 = Debug|Any CPU
		{D794BB14-67B8-4E03-AEEB-A34629537602}.Debug|x64.Deploy.0 = Debug|Any CPU
		{D794BB14-67B8-4E03-AEEB-A34629537602}.Debug|x86.ActiveCfg = Debug|Any CPU
		{D794BB14-67B8-4E03-AEEB-A34629537602}.Debug|x86.Build.0 = Debug|Any CPU
		{D794BB14-67B8-4E03-AEEB-A34629537602}.Debug|x86.Deploy.0 = Debug|Any CPU
		{D794BB14-67B8-4E03-AEEB-A34629537602}.Release|Any CPU.ActiveCfg = Release|Any CPU
		{D794BB14-67B8-4E03-AEEB-A34629537602}.Release|Any CPU.Build.0 = Release|Any CPU
		{D794BB14-67B8-4E03-AEEB-A34629537602}.Release|Any CPU.Deploy.0 = Release|Any CPU
		{D794BB14-67B8-4E03-AEEB-A34629537602}.Release|ARM.ActiveCfg = Release|Any CPU
		{D794BB14-67B8-4E03-AEEB-A34629537602}.Release|ARM.Build.0 = Release|Any CPU
		{D794BB14-67B8-4E03-AEEB-A34629537602}.Release|ARM.Deploy.0 = Release|Any CPU
		{D794BB14-67B8-4E03-AEEB-A34629537602}.Release|iPhone.ActiveCfg = Release|Any CPU
		{D794BB14-67B8-4E03-AEEB-A34629537602}.Release|iPhone.Build.0 = Release|Any CPU
		{D794BB14-67B8-4E03-AEEB-A34629537602}.Release|iPhone.Deploy.0 = Release|Any CPU
		{D794BB14-67B8-4E03-AEEB-A34629537602}.Release|iPhoneSimulator.ActiveCfg = Release|Any CPU
		{D794BB14-67B8-4E03-AEEB-A34629537602}.Release|iPhoneSimulator.Build.0 = Release|Any CPU
		{D794BB14-67B8-4E03-AEEB-A34629537602}.Release|iPhoneSimulator.Deploy.0 = Release|Any CPU
		{D794BB14-67B8-4E03-AEEB-A34629537602}.Release|x64.ActiveCfg = Release|Any CPU
		{D794BB14-67B8-4E03-AEEB-A34629537602}.Release|x64.Build.0 = Release|Any CPU
		{D794BB14-67B8-4E03-AEEB-A34629537602}.Release|x64.Deploy.0 = Release|Any CPU
		{D794BB14-67B8-4E03-AEEB-A34629537602}.Release|x86.ActiveCfg = Release|Any CPU
		{D794BB14-67B8-4E03-AEEB-A34629537602}.Release|x86.Build.0 = Release|Any CPU
		{D794BB14-67B8-4E03-AEEB-A34629537602}.Release|x86.Deploy.0 = Release|Any CPU
		{F1C0F9F9-A6F5-40B1-AFB3-4E88F2359C4B}.Ad-Hoc|Any CPU.ActiveCfg = Ad-Hoc|iPhone
		{F1C0F9F9-A6F5-40B1-AFB3-4E88F2359C4B}.Ad-Hoc|Any CPU.Build.0 = Ad-Hoc|iPhone
		{F1C0F9F9-A6F5-40B1-AFB3-4E88F2359C4B}.Ad-Hoc|Any CPU.Deploy.0 = Ad-Hoc|iPhone
		{F1C0F9F9-A6F5-40B1-AFB3-4E88F2359C4B}.Ad-Hoc|ARM.ActiveCfg = Ad-Hoc|iPhone
		{F1C0F9F9-A6F5-40B1-AFB3-4E88F2359C4B}.Ad-Hoc|ARM.Build.0 = Ad-Hoc|iPhone
		{F1C0F9F9-A6F5-40B1-AFB3-4E88F2359C4B}.Ad-Hoc|ARM.Deploy.0 = Ad-Hoc|iPhone
		{F1C0F9F9-A6F5-40B1-AFB3-4E88F2359C4B}.Ad-Hoc|iPhone.ActiveCfg = Ad-Hoc|iPhone
		{F1C0F9F9-A6F5-40B1-AFB3-4E88F2359C4B}.Ad-Hoc|iPhone.Build.0 = Ad-Hoc|iPhone
		{F1C0F9F9-A6F5-40B1-AFB3-4E88F2359C4B}.Ad-Hoc|iPhone.Deploy.0 = Ad-Hoc|iPhone
		{F1C0F9F9-A6F5-40B1-AFB3-4E88F2359C4B}.Ad-Hoc|iPhoneSimulator.ActiveCfg = Ad-Hoc|iPhoneSimulator
		{F1C0F9F9-A6F5-40B1-AFB3-4E88F2359C4B}.Ad-Hoc|iPhoneSimulator.Build.0 = Ad-Hoc|iPhoneSimulator
		{F1C0F9F9-A6F5-40B1-AFB3-4E88F2359C4B}.Ad-Hoc|iPhoneSimulator.Deploy.0 = Ad-Hoc|iPhoneSimulator
		{F1C0F9F9-A6F5-40B1-AFB3-4E88F2359C4B}.Ad-Hoc|x64.ActiveCfg = Ad-Hoc|iPhone
		{F1C0F9F9-A6F5-40B1-AFB3-4E88F2359C4B}.Ad-Hoc|x64.Build.0 = Ad-Hoc|iPhone
		{F1C0F9F9-A6F5-40B1-AFB3-4E88F2359C4B}.Ad-Hoc|x64.Deploy.0 = Ad-Hoc|iPhone
		{F1C0F9F9-A6F5-40B1-AFB3-4E88F2359C4B}.Ad-Hoc|x86.ActiveCfg = Ad-Hoc|iPhone
		{F1C0F9F9-A6F5-40B1-AFB3-4E88F2359C4B}.Ad-Hoc|x86.Build.0 = Ad-Hoc|iPhone
		{F1C0F9F9-A6F5-40B1-AFB3-4E88F2359C4B}.Ad-Hoc|x86.Deploy.0 = Ad-Hoc|iPhone
		{F1C0F9F9-A6F5-40B1-AFB3-4E88F2359C4B}.AppStore|Any CPU.ActiveCfg = AppStore|iPhone
		{F1C0F9F9-A6F5-40B1-AFB3-4E88F2359C4B}.AppStore|Any CPU.Build.0 = AppStore|iPhone
		{F1C0F9F9-A6F5-40B1-AFB3-4E88F2359C4B}.AppStore|Any CPU.Deploy.0 = AppStore|iPhone
		{F1C0F9F9-A6F5-40B1-AFB3-4E88F2359C4B}.AppStore|ARM.ActiveCfg = AppStore|iPhone
		{F1C0F9F9-A6F5-40B1-AFB3-4E88F2359C4B}.AppStore|ARM.Build.0 = AppStore|iPhone
		{F1C0F9F9-A6F5-40B1-AFB3-4E88F2359C4B}.AppStore|ARM.Deploy.0 = AppStore|iPhone
		{F1C0F9F9-A6F5-40B1-AFB3-4E88F2359C4B}.AppStore|iPhone.ActiveCfg = AppStore|iPhone
		{F1C0F9F9-A6F5-40B1-AFB3-4E88F2359C4B}.AppStore|iPhone.Build.0 = AppStore|iPhone
		{F1C0F9F9-A6F5-40B1-AFB3-4E88F2359C4B}.AppStore|iPhone.Deploy.0 = AppStore|iPhone
		{F1C0F9F9-A6F5-40B1-AFB3-4E88F2359C4B}.AppStore|iPhoneSimulator.ActiveCfg = AppStore|iPhoneSimulator
		{F1C0F9F9-A6F5-40B1-AFB3-4E88F2359C4B}.AppStore|iPhoneSimulator.Build.0 = AppStore|iPhoneSimulator
		{F1C0F9F9-A6F5-40B1-AFB3-4E88F2359C4B}.AppStore|iPhoneSimulator.Deploy.0 = AppStore|iPhoneSimulator
		{F1C0F9F9-A6F5-40B1-AFB3-4E88F2359C4B}.AppStore|x64.ActiveCfg = AppStore|iPhone
		{F1C0F9F9-A6F5-40B1-AFB3-4E88F2359C4B}.AppStore|x64.Build.0 = AppStore|iPhone
		{F1C0F9F9-A6F5-40B1-AFB3-4E88F2359C4B}.AppStore|x64.Deploy.0 = AppStore|iPhone
		{F1C0F9F9-A6F5-40B1-AFB3-4E88F2359C4B}.AppStore|x86.ActiveCfg = AppStore|iPhone
		{F1C0F9F9-A6F5-40B1-AFB3-4E88F2359C4B}.AppStore|x86.Build.0 = AppStore|iPhone
		{F1C0F9F9-A6F5-40B1-AFB3-4E88F2359C4B}.AppStore|x86.Deploy.0 = AppStore|iPhone
		{F1C0F9F9-A6F5-40B1-AFB3-4E88F2359C4B}.Debug|Any CPU.ActiveCfg = Debug|iPhoneSimulator
		{F1C0F9F9-A6F5-40B1-AFB3-4E88F2359C4B}.Debug|Any CPU.Build.0 = Debug|iPhoneSimulator
		{F1C0F9F9-A6F5-40B1-AFB3-4E88F2359C4B}.Debug|Any CPU.Deploy.0 = Debug|iPhoneSimulator
		{F1C0F9F9-A6F5-40B1-AFB3-4E88F2359C4B}.Debug|ARM.ActiveCfg = Debug|iPhone
		{F1C0F9F9-A6F5-40B1-AFB3-4E88F2359C4B}.Debug|ARM.Build.0 = Debug|iPhone
		{F1C0F9F9-A6F5-40B1-AFB3-4E88F2359C4B}.Debug|ARM.Deploy.0 = Debug|iPhone
		{F1C0F9F9-A6F5-40B1-AFB3-4E88F2359C4B}.Debug|iPhone.ActiveCfg = Debug|iPhone
		{F1C0F9F9-A6F5-40B1-AFB3-4E88F2359C4B}.Debug|iPhone.Build.0 = Debug|iPhone
		{F1C0F9F9-A6F5-40B1-AFB3-4E88F2359C4B}.Debug|iPhone.Deploy.0 = Debug|iPhone
		{F1C0F9F9-A6F5-40B1-AFB3-4E88F2359C4B}.Debug|iPhoneSimulator.ActiveCfg = Debug|iPhoneSimulator
		{F1C0F9F9-A6F5-40B1-AFB3-4E88F2359C4B}.Debug|iPhoneSimulator.Build.0 = Debug|iPhoneSimulator
		{F1C0F9F9-A6F5-40B1-AFB3-4E88F2359C4B}.Debug|iPhoneSimulator.Deploy.0 = Debug|iPhoneSimulator
		{F1C0F9F9-A6F5-40B1-AFB3-4E88F2359C4B}.Debug|x64.ActiveCfg = Debug|iPhone
		{F1C0F9F9-A6F5-40B1-AFB3-4E88F2359C4B}.Debug|x64.Build.0 = Debug|iPhone
		{F1C0F9F9-A6F5-40B1-AFB3-4E88F2359C4B}.Debug|x64.Deploy.0 = Debug|iPhone
		{F1C0F9F9-A6F5-40B1-AFB3-4E88F2359C4B}.Debug|x86.ActiveCfg = Debug|iPhone
		{F1C0F9F9-A6F5-40B1-AFB3-4E88F2359C4B}.Debug|x86.Build.0 = Debug|iPhone
		{F1C0F9F9-A6F5-40B1-AFB3-4E88F2359C4B}.Debug|x86.Deploy.0 = Debug|iPhone
		{F1C0F9F9-A6F5-40B1-AFB3-4E88F2359C4B}.Release|Any CPU.ActiveCfg = Release|iPhone
		{F1C0F9F9-A6F5-40B1-AFB3-4E88F2359C4B}.Release|Any CPU.Build.0 = Release|iPhone
		{F1C0F9F9-A6F5-40B1-AFB3-4E88F2359C4B}.Release|Any CPU.Deploy.0 = Release|iPhone
		{F1C0F9F9-A6F5-40B1-AFB3-4E88F2359C4B}.Release|ARM.ActiveCfg = Release|iPhone
		{F1C0F9F9-A6F5-40B1-AFB3-4E88F2359C4B}.Release|ARM.Build.0 = Release|iPhone
		{F1C0F9F9-A6F5-40B1-AFB3-4E88F2359C4B}.Release|ARM.Deploy.0 = Release|iPhone
		{F1C0F9F9-A6F5-40B1-AFB3-4E88F2359C4B}.Release|iPhone.ActiveCfg = Release|iPhone
		{F1C0F9F9-A6F5-40B1-AFB3-4E88F2359C4B}.Release|iPhone.Build.0 = Release|iPhone
		{F1C0F9F9-A6F5-40B1-AFB3-4E88F2359C4B}.Release|iPhone.Deploy.0 = Release|iPhone
		{F1C0F9F9-A6F5-40B1-AFB3-4E88F2359C4B}.Release|iPhoneSimulator.ActiveCfg = Release|iPhoneSimulator
		{F1C0F9F9-A6F5-40B1-AFB3-4E88F2359C4B}.Release|iPhoneSimulator.Build.0 = Release|iPhoneSimulator
		{F1C0F9F9-A6F5-40B1-AFB3-4E88F2359C4B}.Release|iPhoneSimulator.Deploy.0 = Release|iPhoneSimulator
		{F1C0F9F9-A6F5-40B1-AFB3-4E88F2359C4B}.Release|x64.ActiveCfg = Release|iPhone
		{F1C0F9F9-A6F5-40B1-AFB3-4E88F2359C4B}.Release|x64.Build.0 = Release|iPhone
		{F1C0F9F9-A6F5-40B1-AFB3-4E88F2359C4B}.Release|x64.Deploy.0 = Release|iPhone
		{F1C0F9F9-A6F5-40B1-AFB3-4E88F2359C4B}.Release|x86.ActiveCfg = Release|iPhone
		{F1C0F9F9-A6F5-40B1-AFB3-4E88F2359C4B}.Release|x86.Build.0 = Release|iPhone
		{F1C0F9F9-A6F5-40B1-AFB3-4E88F2359C4B}.Release|x86.Deploy.0 = Release|iPhone
		{1E5F996F-18FF-4D2C-AA21-6C618E0A4CA2}.Ad-Hoc|Any CPU.ActiveCfg = Release|x86
		{1E5F996F-18FF-4D2C-AA21-6C618E0A4CA2}.Ad-Hoc|Any CPU.Build.0 = Release|x86
		{1E5F996F-18FF-4D2C-AA21-6C618E0A4CA2}.Ad-Hoc|Any CPU.Deploy.0 = Release|x86
		{1E5F996F-18FF-4D2C-AA21-6C618E0A4CA2}.Ad-Hoc|ARM.ActiveCfg = Release|ARM
		{1E5F996F-18FF-4D2C-AA21-6C618E0A4CA2}.Ad-Hoc|ARM.Build.0 = Release|ARM
		{1E5F996F-18FF-4D2C-AA21-6C618E0A4CA2}.Ad-Hoc|ARM.Deploy.0 = Release|ARM
		{1E5F996F-18FF-4D2C-AA21-6C618E0A4CA2}.Ad-Hoc|iPhone.ActiveCfg = Release|x86
		{1E5F996F-18FF-4D2C-AA21-6C618E0A4CA2}.Ad-Hoc|iPhone.Build.0 = Release|x86
		{1E5F996F-18FF-4D2C-AA21-6C618E0A4CA2}.Ad-Hoc|iPhone.Deploy.0 = Release|x86
		{1E5F996F-18FF-4D2C-AA21-6C618E0A4CA2}.Ad-Hoc|iPhoneSimulator.ActiveCfg = Release|x86
		{1E5F996F-18FF-4D2C-AA21-6C618E0A4CA2}.Ad-Hoc|iPhoneSimulator.Build.0 = Release|x86
		{1E5F996F-18FF-4D2C-AA21-6C618E0A4CA2}.Ad-Hoc|iPhoneSimulator.Deploy.0 = Release|x86
		{1E5F996F-18FF-4D2C-AA21-6C618E0A4CA2}.Ad-Hoc|x64.ActiveCfg = Release|x64
		{1E5F996F-18FF-4D2C-AA21-6C618E0A4CA2}.Ad-Hoc|x64.Build.0 = Release|x64
		{1E5F996F-18FF-4D2C-AA21-6C618E0A4CA2}.Ad-Hoc|x64.Deploy.0 = Release|x64
		{1E5F996F-18FF-4D2C-AA21-6C618E0A4CA2}.Ad-Hoc|x86.ActiveCfg = Release|x86
		{1E5F996F-18FF-4D2C-AA21-6C618E0A4CA2}.Ad-Hoc|x86.Build.0 = Release|x86
		{1E5F996F-18FF-4D2C-AA21-6C618E0A4CA2}.Ad-Hoc|x86.Deploy.0 = Release|x86
		{1E5F996F-18FF-4D2C-AA21-6C618E0A4CA2}.AppStore|Any CPU.ActiveCfg = Release|x86
		{1E5F996F-18FF-4D2C-AA21-6C618E0A4CA2}.AppStore|Any CPU.Build.0 = Release|x86
		{1E5F996F-18FF-4D2C-AA21-6C618E0A4CA2}.AppStore|Any CPU.Deploy.0 = Release|x86
		{1E5F996F-18FF-4D2C-AA21-6C618E0A4CA2}.AppStore|ARM.ActiveCfg = Release|ARM
		{1E5F996F-18FF-4D2C-AA21-6C618E0A4CA2}.AppStore|ARM.Build.0 = Release|ARM
		{1E5F996F-18FF-4D2C-AA21-6C618E0A4CA2}.AppStore|ARM.Deploy.0 = Release|ARM
		{1E5F996F-18FF-4D2C-AA21-6C618E0A4CA2}.AppStore|iPhone.ActiveCfg = Release|x86
		{1E5F996F-18FF-4D2C-AA21-6C618E0A4CA2}.AppStore|iPhone.Build.0 = Release|x86
		{1E5F996F-18FF-4D2C-AA21-6C618E0A4CA2}.AppStore|iPhone.Deploy.0 = Release|x86
		{1E5F996F-18FF-4D2C-AA21-6C618E0A4CA2}.AppStore|iPhoneSimulator.ActiveCfg = Release|x86
		{1E5F996F-18FF-4D2C-AA21-6C618E0A4CA2}.AppStore|iPhoneSimulator.Build.0 = Release|x86
		{1E5F996F-18FF-4D2C-AA21-6C618E0A4CA2}.AppStore|iPhoneSimulator.Deploy.0 = Release|x86
		{1E5F996F-18FF-4D2C-AA21-6C618E0A4CA2}.AppStore|x64.ActiveCfg = Release|x64
		{1E5F996F-18FF-4D2C-AA21-6C618E0A4CA2}.AppStore|x64.Build.0 = Release|x64
		{1E5F996F-18FF-4D2C-AA21-6C618E0A4CA2}.AppStore|x64.Deploy.0 = Release|x64
		{1E5F996F-18FF-4D2C-AA21-6C618E0A4CA2}.AppStore|x86.ActiveCfg = Release|x86
		{1E5F996F-18FF-4D2C-AA21-6C618E0A4CA2}.AppStore|x86.Build.0 = Release|x86
		{1E5F996F-18FF-4D2C-AA21-6C618E0A4CA2}.AppStore|x86.Deploy.0 = Release|x86
		{1E5F996F-18FF-4D2C-AA21-6C618E0A4CA2}.Debug|Any CPU.ActiveCfg = Debug|x86
		{1E5F996F-18FF-4D2C-AA21-6C618E0A4CA2}.Debug|Any CPU.Build.0 = Debug|x86
		{1E5F996F-18FF-4D2C-AA21-6C618E0A4CA2}.Debug|Any CPU.Deploy.0 = Debug|x86
		{1E5F996F-18FF-4D2C-AA21-6C618E0A4CA2}.Debug|ARM.ActiveCfg = Debug|ARM
		{1E5F996F-18FF-4D2C-AA21-6C618E0A4CA2}.Debug|ARM.Build.0 = Debug|ARM
		{1E5F996F-18FF-4D2C-AA21-6C618E0A4CA2}.Debug|ARM.Deploy.0 = Debug|ARM
		{1E5F996F-18FF-4D2C-AA21-6C618E0A4CA2}.Debug|iPhone.ActiveCfg = Debug|x86
		{1E5F996F-18FF-4D2C-AA21-6C618E0A4CA2}.Debug|iPhone.Build.0 = Debug|x86
		{1E5F996F-18FF-4D2C-AA21-6C618E0A4CA2}.Debug|iPhone.Deploy.0 = Debug|x86
		{1E5F996F-18FF-4D2C-AA21-6C618E0A4CA2}.Debug|iPhoneSimulator.ActiveCfg = Debug|x86
		{1E5F996F-18FF-4D2C-AA21-6C618E0A4CA2}.Debug|iPhoneSimulator.Build.0 = Debug|x86
		{1E5F996F-18FF-4D2C-AA21-6C618E0A4CA2}.Debug|iPhoneSimulator.Deploy.0 = Debug|x86
		{1E5F996F-18FF-4D2C-AA21-6C618E0A4CA2}.Debug|x64.ActiveCfg = Debug|x64
		{1E5F996F-18FF-4D2C-AA21-6C618E0A4CA2}.Debug|x64.Build.0 = Debug|x64
		{1E5F996F-18FF-4D2C-AA21-6C618E0A4CA2}.Debug|x64.Deploy.0 = Debug|x64
		{1E5F996F-18FF-4D2C-AA21-6C618E0A4CA2}.Debug|x86.ActiveCfg = Debug|x86
		{1E5F996F-18FF-4D2C-AA21-6C618E0A4CA2}.Debug|x86.Build.0 = Debug|x86
		{1E5F996F-18FF-4D2C-AA21-6C618E0A4CA2}.Debug|x86.Deploy.0 = Debug|x86
		{1E5F996F-18FF-4D2C-AA21-6C618E0A4CA2}.Release|Any CPU.ActiveCfg = Release|x86
		{1E5F996F-18FF-4D2C-AA21-6C618E0A4CA2}.Release|Any CPU.Build.0 = Release|x86
		{1E5F996F-18FF-4D2C-AA21-6C618E0A4CA2}.Release|Any CPU.Deploy.0 = Release|x86
		{1E5F996F-18FF-4D2C-AA21-6C618E0A4CA2}.Release|ARM.ActiveCfg = Release|ARM
		{1E5F996F-18FF-4D2C-AA21-6C618E0A4CA2}.Release|ARM.Build.0 = Release|ARM
		{1E5F996F-18FF-4D2C-AA21-6C618E0A4CA2}.Release|ARM.Deploy.0 = Release|ARM
		{1E5F996F-18FF-4D2C-AA21-6C618E0A4CA2}.Release|iPhone.ActiveCfg = Release|x86
		{1E5F996F-18FF-4D2C-AA21-6C618E0A4CA2}.Release|iPhone.Build.0 = Release|x86
		{1E5F996F-18FF-4D2C-AA21-6C618E0A4CA2}.Release|iPhone.Deploy.0 = Release|x86
		{1E5F996F-18FF-4D2C-AA21-6C618E0A4CA2}.Release|iPhoneSimulator.ActiveCfg = Release|x86
		{1E5F996F-18FF-4D2C-AA21-6C618E0A4CA2}.Release|iPhoneSimulator.Build.0 = Release|x86
		{1E5F996F-18FF-4D2C-AA21-6C618E0A4CA2}.Release|iPhoneSimulator.Deploy.0 = Release|x86
		{1E5F996F-18FF-4D2C-AA21-6C618E0A4CA2}.Release|x64.ActiveCfg = Release|x64
		{1E5F996F-18FF-4D2C-AA21-6C618E0A4CA2}.Release|x64.Build.0 = Release|x64
		{1E5F996F-18FF-4D2C-AA21-6C618E0A4CA2}.Release|x64.Deploy.0 = Release|x64
		{1E5F996F-18FF-4D2C-AA21-6C618E0A4CA2}.Release|x86.ActiveCfg = Release|x86
		{1E5F996F-18FF-4D2C-AA21-6C618E0A4CA2}.Release|x86.Build.0 = Release|x86
		{1E5F996F-18FF-4D2C-AA21-6C618E0A4CA2}.Release|x86.Deploy.0 = Release|x86
		{4E8DB6F4-2072-49D0-8AD5-EF0B73517111}.Ad-Hoc|Any CPU.ActiveCfg = Debug|Any CPU
		{4E8DB6F4-2072-49D0-8AD5-EF0B73517111}.Ad-Hoc|Any CPU.Build.0 = Debug|Any CPU
		{4E8DB6F4-2072-49D0-8AD5-EF0B73517111}.Ad-Hoc|Any CPU.Deploy.0 = Debug|Any CPU
		{4E8DB6F4-2072-49D0-8AD5-EF0B73517111}.Ad-Hoc|ARM.ActiveCfg = Debug|Any CPU
		{4E8DB6F4-2072-49D0-8AD5-EF0B73517111}.Ad-Hoc|ARM.Build.0 = Debug|Any CPU
		{4E8DB6F4-2072-49D0-8AD5-EF0B73517111}.Ad-Hoc|ARM.Deploy.0 = Debug|Any CPU
		{4E8DB6F4-2072-49D0-8AD5-EF0B73517111}.Ad-Hoc|iPhone.ActiveCfg = Debug|Any CPU
		{4E8DB6F4-2072-49D0-8AD5-EF0B73517111}.Ad-Hoc|iPhone.Build.0 = Debug|Any CPU
		{4E8DB6F4-2072-49D0-8AD5-EF0B73517111}.Ad-Hoc|iPhone.Deploy.0 = Debug|Any CPU
		{4E8DB6F4-2072-49D0-8AD5-EF0B73517111}.Ad-Hoc|iPhoneSimulator.ActiveCfg = Debug|Any CPU
		{4E8DB6F4-2072-49D0-8AD5-EF0B73517111}.Ad-Hoc|iPhoneSimulator.Build.0 = Debug|Any CPU
		{4E8DB6F4-2072-49D0-8AD5-EF0B73517111}.Ad-Hoc|iPhoneSimulator.Deploy.0 = Debug|Any CPU
		{4E8DB6F4-2072-49D0-8AD5-EF0B73517111}.Ad-Hoc|x64.ActiveCfg = Debug|Any CPU
		{4E8DB6F4-2072-49D0-8AD5-EF0B73517111}.Ad-Hoc|x64.Build.0 = Debug|Any CPU
		{4E8DB6F4-2072-49D0-8AD5-EF0B73517111}.Ad-Hoc|x64.Deploy.0 = Debug|Any CPU
		{4E8DB6F4-2072-49D0-8AD5-EF0B73517111}.Ad-Hoc|x86.ActiveCfg = Debug|Any CPU
		{4E8DB6F4-2072-49D0-8AD5-EF0B73517111}.Ad-Hoc|x86.Build.0 = Debug|Any CPU
		{4E8DB6F4-2072-49D0-8AD5-EF0B73517111}.Ad-Hoc|x86.Deploy.0 = Debug|Any CPU
		{4E8DB6F4-2072-49D0-8AD5-EF0B73517111}.AppStore|Any CPU.ActiveCfg = Debug|Any CPU
		{4E8DB6F4-2072-49D0-8AD5-EF0B73517111}.AppStore|Any CPU.Build.0 = Debug|Any CPU
		{4E8DB6F4-2072-49D0-8AD5-EF0B73517111}.AppStore|Any CPU.Deploy.0 = Debug|Any CPU
		{4E8DB6F4-2072-49D0-8AD5-EF0B73517111}.AppStore|ARM.ActiveCfg = Debug|Any CPU
		{4E8DB6F4-2072-49D0-8AD5-EF0B73517111}.AppStore|ARM.Build.0 = Debug|Any CPU
		{4E8DB6F4-2072-49D0-8AD5-EF0B73517111}.AppStore|ARM.Deploy.0 = Debug|Any CPU
		{4E8DB6F4-2072-49D0-8AD5-EF0B73517111}.AppStore|iPhone.ActiveCfg = Debug|Any CPU
		{4E8DB6F4-2072-49D0-8AD5-EF0B73517111}.AppStore|iPhone.Build.0 = Debug|Any CPU
		{4E8DB6F4-2072-49D0-8AD5-EF0B73517111}.AppStore|iPhone.Deploy.0 = Debug|Any CPU
		{4E8DB6F4-2072-49D0-8AD5-EF0B73517111}.AppStore|iPhoneSimulator.ActiveCfg = Debug|Any CPU
		{4E8DB6F4-2072-49D0-8AD5-EF0B73517111}.AppStore|iPhoneSimulator.Build.0 = Debug|Any CPU
		{4E8DB6F4-2072-49D0-8AD5-EF0B73517111}.AppStore|iPhoneSimulator.Deploy.0 = Debug|Any CPU
		{4E8DB6F4-2072-49D0-8AD5-EF0B73517111}.AppStore|x64.ActiveCfg = Debug|Any CPU
		{4E8DB6F4-2072-49D0-8AD5-EF0B73517111}.AppStore|x64.Build.0 = Debug|Any CPU
		{4E8DB6F4-2072-49D0-8AD5-EF0B73517111}.AppStore|x64.Deploy.0 = Debug|Any CPU
		{4E8DB6F4-2072-49D0-8AD5-EF0B73517111}.AppStore|x86.ActiveCfg = Debug|Any CPU
		{4E8DB6F4-2072-49D0-8AD5-EF0B73517111}.AppStore|x86.Build.0 = Debug|Any CPU
		{4E8DB6F4-2072-49D0-8AD5-EF0B73517111}.AppStore|x86.Deploy.0 = Debug|Any CPU
		{4E8DB6F4-2072-49D0-8AD5-EF0B73517111}.Debug|Any CPU.ActiveCfg = Debug|Any CPU
		{4E8DB6F4-2072-49D0-8AD5-EF0B73517111}.Debug|Any CPU.Build.0 = Debug|Any CPU
		{4E8DB6F4-2072-49D0-8AD5-EF0B73517111}.Debug|Any CPU.Deploy.0 = Debug|Any CPU
		{4E8DB6F4-2072-49D0-8AD5-EF0B73517111}.Debug|ARM.ActiveCfg = Debug|Any CPU
		{4E8DB6F4-2072-49D0-8AD5-EF0B73517111}.Debug|ARM.Build.0 = Debug|Any CPU
		{4E8DB6F4-2072-49D0-8AD5-EF0B73517111}.Debug|ARM.Deploy.0 = Debug|Any CPU
		{4E8DB6F4-2072-49D0-8AD5-EF0B73517111}.Debug|iPhone.ActiveCfg = Debug|Any CPU
		{4E8DB6F4-2072-49D0-8AD5-EF0B73517111}.Debug|iPhone.Build.0 = Debug|Any CPU
		{4E8DB6F4-2072-49D0-8AD5-EF0B73517111}.Debug|iPhone.Deploy.0 = Debug|Any CPU
		{4E8DB6F4-2072-49D0-8AD5-EF0B73517111}.Debug|iPhoneSimulator.ActiveCfg = Debug|Any CPU
		{4E8DB6F4-2072-49D0-8AD5-EF0B73517111}.Debug|iPhoneSimulator.Build.0 = Debug|Any CPU
		{4E8DB6F4-2072-49D0-8AD5-EF0B73517111}.Debug|iPhoneSimulator.Deploy.0 = Debug|Any CPU
		{4E8DB6F4-2072-49D0-8AD5-EF0B73517111}.Debug|x64.ActiveCfg = Debug|Any CPU
		{4E8DB6F4-2072-49D0-8AD5-EF0B73517111}.Debug|x64.Build.0 = Debug|Any CPU
		{4E8DB6F4-2072-49D0-8AD5-EF0B73517111}.Debug|x64.Deploy.0 = Debug|Any CPU
		{4E8DB6F4-2072-49D0-8AD5-EF0B73517111}.Debug|x86.ActiveCfg = Debug|Any CPU
		{4E8DB6F4-2072-49D0-8AD5-EF0B73517111}.Debug|x86.Build.0 = Debug|Any CPU
		{4E8DB6F4-2072-49D0-8AD5-EF0B73517111}.Debug|x86.Deploy.0 = Debug|Any CPU
		{4E8DB6F4-2072-49D0-8AD5-EF0B73517111}.Release|Any CPU.ActiveCfg = Release|Any CPU
		{4E8DB6F4-2072-49D0-8AD5-EF0B73517111}.Release|Any CPU.Build.0 = Release|Any CPU
		{4E8DB6F4-2072-49D0-8AD5-EF0B73517111}.Release|Any CPU.Deploy.0 = Release|Any CPU
		{4E8DB6F4-2072-49D0-8AD5-EF0B73517111}.Release|ARM.ActiveCfg = Release|Any CPU
		{4E8DB6F4-2072-49D0-8AD5-EF0B73517111}.Release|ARM.Build.0 = Release|Any CPU
		{4E8DB6F4-2072-49D0-8AD5-EF0B73517111}.Release|ARM.Deploy.0 = Release|Any CPU
		{4E8DB6F4-2072-49D0-8AD5-EF0B73517111}.Release|iPhone.ActiveCfg = Release|Any CPU
		{4E8DB6F4-2072-49D0-8AD5-EF0B73517111}.Release|iPhone.Build.0 = Release|Any CPU
		{4E8DB6F4-2072-49D0-8AD5-EF0B73517111}.Release|iPhone.Deploy.0 = Release|Any CPU
		{4E8DB6F4-2072-49D0-8AD5-EF0B73517111}.Release|iPhoneSimulator.ActiveCfg = Release|Any CPU
		{4E8DB6F4-2072-49D0-8AD5-EF0B73517111}.Release|iPhoneSimulator.Build.0 = Release|Any CPU
		{4E8DB6F4-2072-49D0-8AD5-EF0B73517111}.Release|iPhoneSimulator.Deploy.0 = Release|Any CPU
		{4E8DB6F4-2072-49D0-8AD5-EF0B73517111}.Release|x64.ActiveCfg = Release|Any CPU
		{4E8DB6F4-2072-49D0-8AD5-EF0B73517111}.Release|x64.Build.0 = Release|Any CPU
		{4E8DB6F4-2072-49D0-8AD5-EF0B73517111}.Release|x64.Deploy.0 = Release|Any CPU
		{4E8DB6F4-2072-49D0-8AD5-EF0B73517111}.Release|x86.ActiveCfg = Release|Any CPU
		{4E8DB6F4-2072-49D0-8AD5-EF0B73517111}.Release|x86.Build.0 = Release|Any CPU
		{4E8DB6F4-2072-49D0-8AD5-EF0B73517111}.Release|x86.Deploy.0 = Release|Any CPU
		{D5F2E611-F3EA-48B7-854D-8A9639F98EF9}.Ad-Hoc|Any CPU.ActiveCfg = Debug|Any CPU
		{D5F2E611-F3EA-48B7-854D-8A9639F98EF9}.Ad-Hoc|Any CPU.Build.0 = Debug|Any CPU
		{D5F2E611-F3EA-48B7-854D-8A9639F98EF9}.Ad-Hoc|ARM.ActiveCfg = Debug|Any CPU
		{D5F2E611-F3EA-48B7-854D-8A9639F98EF9}.Ad-Hoc|ARM.Build.0 = Debug|Any CPU
		{D5F2E611-F3EA-48B7-854D-8A9639F98EF9}.Ad-Hoc|iPhone.ActiveCfg = Debug|Any CPU
		{D5F2E611-F3EA-48B7-854D-8A9639F98EF9}.Ad-Hoc|iPhone.Build.0 = Debug|Any CPU
		{D5F2E611-F3EA-48B7-854D-8A9639F98EF9}.Ad-Hoc|iPhoneSimulator.ActiveCfg = Debug|Any CPU
		{D5F2E611-F3EA-48B7-854D-8A9639F98EF9}.Ad-Hoc|iPhoneSimulator.Build.0 = Debug|Any CPU
		{D5F2E611-F3EA-48B7-854D-8A9639F98EF9}.Ad-Hoc|x64.ActiveCfg = Debug|Any CPU
		{D5F2E611-F3EA-48B7-854D-8A9639F98EF9}.Ad-Hoc|x64.Build.0 = Debug|Any CPU
		{D5F2E611-F3EA-48B7-854D-8A9639F98EF9}.Ad-Hoc|x86.ActiveCfg = Debug|Any CPU
		{D5F2E611-F3EA-48B7-854D-8A9639F98EF9}.Ad-Hoc|x86.Build.0 = Debug|Any CPU
		{D5F2E611-F3EA-48B7-854D-8A9639F98EF9}.AppStore|Any CPU.ActiveCfg = Debug|Any CPU
		{D5F2E611-F3EA-48B7-854D-8A9639F98EF9}.AppStore|Any CPU.Build.0 = Debug|Any CPU
		{D5F2E611-F3EA-48B7-854D-8A9639F98EF9}.AppStore|ARM.ActiveCfg = Debug|Any CPU
		{D5F2E611-F3EA-48B7-854D-8A9639F98EF9}.AppStore|ARM.Build.0 = Debug|Any CPU
		{D5F2E611-F3EA-48B7-854D-8A9639F98EF9}.AppStore|iPhone.ActiveCfg = Debug|Any CPU
		{D5F2E611-F3EA-48B7-854D-8A9639F98EF9}.AppStore|iPhone.Build.0 = Debug|Any CPU
		{D5F2E611-F3EA-48B7-854D-8A9639F98EF9}.AppStore|iPhoneSimulator.ActiveCfg = Debug|Any CPU
		{D5F2E611-F3EA-48B7-854D-8A9639F98EF9}.AppStore|iPhoneSimulator.Build.0 = Debug|Any CPU
		{D5F2E611-F3EA-48B7-854D-8A9639F98EF9}.AppStore|x64.ActiveCfg = Debug|Any CPU
		{D5F2E611-F3EA-48B7-854D-8A9639F98EF9}.AppStore|x64.Build.0 = Debug|Any CPU
		{D5F2E611-F3EA-48B7-854D-8A9639F98EF9}.AppStore|x86.ActiveCfg = Debug|Any CPU
		{D5F2E611-F3EA-48B7-854D-8A9639F98EF9}.AppStore|x86.Build.0 = Debug|Any CPU
		{D5F2E611-F3EA-48B7-854D-8A9639F98EF9}.Debug|Any CPU.ActiveCfg = Debug|Any CPU
		{D5F2E611-F3EA-48B7-854D-8A9639F98EF9}.Debug|Any CPU.Build.0 = Debug|Any CPU
		{D5F2E611-F3EA-48B7-854D-8A9639F98EF9}.Debug|ARM.ActiveCfg = Debug|Any CPU
		{D5F2E611-F3EA-48B7-854D-8A9639F98EF9}.Debug|ARM.Build.0 = Debug|Any CPU
		{D5F2E611-F3EA-48B7-854D-8A9639F98EF9}.Debug|iPhone.ActiveCfg = Debug|Any CPU
		{D5F2E611-F3EA-48B7-854D-8A9639F98EF9}.Debug|iPhone.Build.0 = Debug|Any CPU
		{D5F2E611-F3EA-48B7-854D-8A9639F98EF9}.Debug|iPhoneSimulator.ActiveCfg = Debug|Any CPU
		{D5F2E611-F3EA-48B7-854D-8A9639F98EF9}.Debug|iPhoneSimulator.Build.0 = Debug|Any CPU
		{D5F2E611-F3EA-48B7-854D-8A9639F98EF9}.Debug|x64.ActiveCfg = Debug|Any CPU
		{D5F2E611-F3EA-48B7-854D-8A9639F98EF9}.Debug|x64.Build.0 = Debug|Any CPU
		{D5F2E611-F3EA-48B7-854D-8A9639F98EF9}.Debug|x86.ActiveCfg = Debug|Any CPU
		{D5F2E611-F3EA-48B7-854D-8A9639F98EF9}.Debug|x86.Build.0 = Debug|Any CPU
		{D5F2E611-F3EA-48B7-854D-8A9639F98EF9}.Release|Any CPU.ActiveCfg = Release|Any CPU
		{D5F2E611-F3EA-48B7-854D-8A9639F98EF9}.Release|Any CPU.Build.0 = Release|Any CPU
		{D5F2E611-F3EA-48B7-854D-8A9639F98EF9}.Release|ARM.ActiveCfg = Release|Any CPU
		{D5F2E611-F3EA-48B7-854D-8A9639F98EF9}.Release|ARM.Build.0 = Release|Any CPU
		{D5F2E611-F3EA-48B7-854D-8A9639F98EF9}.Release|iPhone.ActiveCfg = Release|Any CPU
		{D5F2E611-F3EA-48B7-854D-8A9639F98EF9}.Release|iPhone.Build.0 = Release|Any CPU
		{D5F2E611-F3EA-48B7-854D-8A9639F98EF9}.Release|iPhoneSimulator.ActiveCfg = Release|Any CPU
		{D5F2E611-F3EA-48B7-854D-8A9639F98EF9}.Release|iPhoneSimulator.Build.0 = Release|Any CPU
		{D5F2E611-F3EA-48B7-854D-8A9639F98EF9}.Release|x64.ActiveCfg = Release|Any CPU
		{D5F2E611-F3EA-48B7-854D-8A9639F98EF9}.Release|x64.Build.0 = Release|Any CPU
		{D5F2E611-F3EA-48B7-854D-8A9639F98EF9}.Release|x86.ActiveCfg = Release|Any CPU
		{D5F2E611-F3EA-48B7-854D-8A9639F98EF9}.Release|x86.Build.0 = Release|Any CPU
		{794929BE-51E7-468D-990F-407CC0A1E425}.Ad-Hoc|Any CPU.ActiveCfg = Release|Any CPU
		{794929BE-51E7-468D-990F-407CC0A1E425}.Ad-Hoc|Any CPU.Build.0 = Release|Any CPU
		{794929BE-51E7-468D-990F-407CC0A1E425}.Ad-Hoc|ARM.ActiveCfg = Release|Any CPU
		{794929BE-51E7-468D-990F-407CC0A1E425}.Ad-Hoc|ARM.Build.0 = Release|Any CPU
		{794929BE-51E7-468D-990F-407CC0A1E425}.Ad-Hoc|iPhone.ActiveCfg = Release|Any CPU
		{794929BE-51E7-468D-990F-407CC0A1E425}.Ad-Hoc|iPhone.Build.0 = Release|Any CPU
		{794929BE-51E7-468D-990F-407CC0A1E425}.Ad-Hoc|iPhoneSimulator.ActiveCfg = Release|Any CPU
		{794929BE-51E7-468D-990F-407CC0A1E425}.Ad-Hoc|iPhoneSimulator.Build.0 = Release|Any CPU
		{794929BE-51E7-468D-990F-407CC0A1E425}.Ad-Hoc|x64.ActiveCfg = Release|Any CPU
		{794929BE-51E7-468D-990F-407CC0A1E425}.Ad-Hoc|x64.Build.0 = Release|Any CPU
		{794929BE-51E7-468D-990F-407CC0A1E425}.Ad-Hoc|x86.ActiveCfg = Release|Any CPU
		{794929BE-51E7-468D-990F-407CC0A1E425}.Ad-Hoc|x86.Build.0 = Release|Any CPU
		{794929BE-51E7-468D-990F-407CC0A1E425}.AppStore|Any CPU.ActiveCfg = Release|Any CPU
		{794929BE-51E7-468D-990F-407CC0A1E425}.AppStore|Any CPU.Build.0 = Release|Any CPU
		{794929BE-51E7-468D-990F-407CC0A1E425}.AppStore|ARM.ActiveCfg = Release|Any CPU
		{794929BE-51E7-468D-990F-407CC0A1E425}.AppStore|ARM.Build.0 = Release|Any CPU
		{794929BE-51E7-468D-990F-407CC0A1E425}.AppStore|iPhone.ActiveCfg = Release|Any CPU
		{794929BE-51E7-468D-990F-407CC0A1E425}.AppStore|iPhone.Build.0 = Release|Any CPU
		{794929BE-51E7-468D-990F-407CC0A1E425}.AppStore|iPhoneSimulator.ActiveCfg = Release|Any CPU
		{794929BE-51E7-468D-990F-407CC0A1E425}.AppStore|iPhoneSimulator.Build.0 = Release|Any CPU
		{794929BE-51E7-468D-990F-407CC0A1E425}.AppStore|x64.ActiveCfg = Release|Any CPU
		{794929BE-51E7-468D-990F-407CC0A1E425}.AppStore|x64.Build.0 = Release|Any CPU
		{794929BE-51E7-468D-990F-407CC0A1E425}.AppStore|x86.ActiveCfg = Release|Any CPU
		{794929BE-51E7-468D-990F-407CC0A1E425}.AppStore|x86.Build.0 = Release|Any CPU
		{794929BE-51E7-468D-990F-407CC0A1E425}.Debug|Any CPU.ActiveCfg = Debug|Any CPU
		{794929BE-51E7-468D-990F-407CC0A1E425}.Debug|Any CPU.Build.0 = Debug|Any CPU
		{794929BE-51E7-468D-990F-407CC0A1E425}.Debug|ARM.ActiveCfg = Debug|Any CPU
		{794929BE-51E7-468D-990F-407CC0A1E425}.Debug|ARM.Build.0 = Debug|Any CPU
		{794929BE-51E7-468D-990F-407CC0A1E425}.Debug|iPhone.ActiveCfg = Debug|Any CPU
		{794929BE-51E7-468D-990F-407CC0A1E425}.Debug|iPhone.Build.0 = Debug|Any CPU
		{794929BE-51E7-468D-990F-407CC0A1E425}.Debug|iPhoneSimulator.ActiveCfg = Debug|Any CPU
		{794929BE-51E7-468D-990F-407CC0A1E425}.Debug|iPhoneSimulator.Build.0 = Debug|Any CPU
		{794929BE-51E7-468D-990F-407CC0A1E425}.Debug|x64.ActiveCfg = Debug|Any CPU
		{794929BE-51E7-468D-990F-407CC0A1E425}.Debug|x64.Build.0 = Debug|Any CPU
		{794929BE-51E7-468D-990F-407CC0A1E425}.Debug|x86.ActiveCfg = Debug|Any CPU
		{794929BE-51E7-468D-990F-407CC0A1E425}.Debug|x86.Build.0 = Debug|Any CPU
		{794929BE-51E7-468D-990F-407CC0A1E425}.Release|Any CPU.ActiveCfg = Release|Any CPU
		{794929BE-51E7-468D-990F-407CC0A1E425}.Release|Any CPU.Build.0 = Release|Any CPU
		{794929BE-51E7-468D-990F-407CC0A1E425}.Release|ARM.ActiveCfg = Release|Any CPU
		{794929BE-51E7-468D-990F-407CC0A1E425}.Release|ARM.Build.0 = Release|Any CPU
		{794929BE-51E7-468D-990F-407CC0A1E425}.Release|iPhone.ActiveCfg = Release|Any CPU
		{794929BE-51E7-468D-990F-407CC0A1E425}.Release|iPhone.Build.0 = Release|Any CPU
		{794929BE-51E7-468D-990F-407CC0A1E425}.Release|iPhoneSimulator.ActiveCfg = Release|Any CPU
		{794929BE-51E7-468D-990F-407CC0A1E425}.Release|iPhoneSimulator.Build.0 = Release|Any CPU
		{794929BE-51E7-468D-990F-407CC0A1E425}.Release|x64.ActiveCfg = Release|Any CPU
		{794929BE-51E7-468D-990F-407CC0A1E425}.Release|x64.Build.0 = Release|Any CPU
		{794929BE-51E7-468D-990F-407CC0A1E425}.Release|x86.ActiveCfg = Release|Any CPU
		{794929BE-51E7-468D-990F-407CC0A1E425}.Release|x86.Build.0 = Release|Any CPU
	EndGlobalSection
	GlobalSection(SolutionProperties) = preSolution
		HideSolutionNode = FALSE
	EndGlobalSection
	GlobalSection(NestedProjects) = preSolution
		{D794BB14-67B8-4E03-AEEB-A34629537602} = {02195879-7AF3-490D-92A8-1DC52ABC877E}
		{F1C0F9F9-A6F5-40B1-AFB3-4E88F2359C4B} = {02195879-7AF3-490D-92A8-1DC52ABC877E}
		{1E5F996F-18FF-4D2C-AA21-6C618E0A4CA2} = {02195879-7AF3-490D-92A8-1DC52ABC877E}
		{4E8DB6F4-2072-49D0-8AD5-EF0B73517111} = {02195879-7AF3-490D-92A8-1DC52ABC877E}
		{D5F2E611-F3EA-48B7-854D-8A9639F98EF9} = {2888307C-E38D-4797-8709-CE7ADCCB04B5}
		{794929BE-51E7-468D-990F-407CC0A1E425} = {2888307C-E38D-4797-8709-CE7ADCCB04B5}
	EndGlobalSection
	GlobalSection(ExtensibilityGlobals) = postSolution
		SolutionGuid = {0B770F74-15E1-4DF8-B239-E097BA026F7A}
	EndGlobalSection
EndGlobal
